PODS:
  - Alamofire (2.0.2)
  - Gloss (0.8.0)
  - IQKeyboardManager (4.0.8)
  - Kingfisher (2.6.1)

DEPENDENCIES:
  - Alamofire (~> 2.0)
  - Gloss (~> 0.8)
  - IQKeyboardManager
  - Kingfisher (~> 2.4)

SPEC CHECKSUMS:
  Alamofire: 8edbab00802a752bb5240cc2abe70e7e881488ad
  Gloss: 866551a47ff84c9875c8dc32255c5b52c070280d
  IQKeyboardManager: 1a8189fa153bf09044355ee0ad36826f6767e7f7
  Kingfisher: 7e5515bf6c4f2acad91f6400955d2257549cab7b

PODFILE CHECKSUM: 8cb6db2587491a63fe56119d23da558c524690c3

COCOAPODS: 1.0.1
